
Microsoft Visual Studio Solution File, Format Version 12.00
# Visual Studio Version 17
VisualStudioVersion = 17.8.34330.188
MinimumVisualStudioVersion = 10.0.40219.1
Project("{FAE04EC0-301F-11D3-BF4B-00C04F79EFBC}") = "JoyTop.Bot", "JoyTop.Bot\JoyTop.Bot.csproj", "{FF4ACBC0-EF33-4605-A6CC-303FC45D97A5}"
EndProject
Project("{FAE04EC0-301F-11D3-BF4B-00C04F79EFBC}") = "JoyTop.Application", "JoyTop.Application\JoyTop.Application.csproj", "{89921E90-7E89-4070-B129-968239475157}"
EndProject
Project("{FAE04EC0-301F-11D3-BF4B-00C04F79EFBC}") = "JoyTop.Domain", "JoyTop.Domain\JoyTop.Domain.csproj", "{87AEEB74-5E32-4947-A5F2-08998941A822}"
EndProject
Project("{2150E333-8FDC-42A3-9474-1A3956D46DE8}") = "Solution Items", "Solution Items", "{3DAFCCED-2D33-4674-9EBE-EC66E42DB955}"
	ProjectSection(SolutionItems) = preProject
		.gitignore = .gitignore
	EndProjectSection
EndProject
Global
	GlobalSection(SolutionConfigurationPlatforms) = preSolution
		Debug|Any CPU = Debug|Any CPU
		Release|Any CPU = Release|Any CPU
	EndGlobalSection
	GlobalSection(ProjectConfigurationPlatforms) = postSolution
		{FF4ACBC0-EF33-4605-A6CC-303FC45D97A5}.Debug|Any CPU.ActiveCfg = Debug|Any CPU
		{FF4ACBC0-EF33-4605-A6CC-303FC45D97A5}.Debug|Any CPU.Build.0 = Debug|Any CPU
		{FF4ACBC0-EF33-4605-A6CC-303FC45D97A5}.Release|Any CPU.ActiveCfg = Release|Any CPU
		{FF4ACBC0-EF33-4605-A6CC-303FC45D97A5}.Release|Any CPU.Build.0 = Release|Any CPU
		{89921E90-7E89-4070-B129-968239475157}.Debug|Any CPU.ActiveCfg = Debug|Any CPU
		{89921E90-7E89-4070-B129-968239475157}.Debug|Any CPU.Build.0 = Debug|Any CPU
		{89921E90-7E89-4070-B129-968239475157}.Release|Any CPU.ActiveCfg = Release|Any CPU
		{89921E90-7E89-4070-B129-968239475157}.Release|Any CPU.Build.0 = Release|Any CPU
		{87AEEB74-5E32-4947-A5F2-08998941A822}.Debug|Any CPU.ActiveCfg = Debug|Any CPU
		{87AEEB74-5E32-4947-A5F2-08998941A822}.Debug|Any CPU.Build.0 = Debug|Any CPU
		{87AEEB74-5E32-4947-A5F2-08998941A822}.Release|Any CPU.ActiveCfg = Release|Any CPU
		{87AEEB74-5E32-4947-A5F2-08998941A822}.Release|Any CPU.Build.0 = Release|Any CPU
	EndGlobalSection
	GlobalSection(SolutionProperties) = preSolution
		HideSolutionNode = FALSE
	EndGlobalSection
	GlobalSection(ExtensibilityGlobals) = postSolution
		SolutionGuid = {5759973E-28B1-4222-9ADF-BB9B1AE13436}
	EndGlobalSection
EndGlobal
